{
  "version": "5",
  "redirects": {
    "https://esm.sh/@supabase/phoenix@^0.4.0?target=denonext": "https://esm.sh/@supabase/phoenix@0.4.0?target=denonext",
    "https://esm.sh/@supabase/supabase-js@2": "https://esm.sh/@supabase/supabase-js@2.104.0",
    "https://esm.sh/iceberg-js@^0.8.1?target=denonext": "https://esm.sh/iceberg-js@0.8.1?target=denonext"
  },
  "remote": {
    "https://esm.sh/@supabase/auth-js@2.104.0/denonext/auth-js.mjs": "f763eae1447eb512a49299770aec5d21d032bf6834656cbb32054fd6c726f124",
    "https://esm.sh/@supabase/functions-js@2.104.0/denonext/functions-js.mjs": "764c6c1937ca431cd7c5f25e6d63870588c484143cb530c5b13fa3b269c19a08",
    "https://esm.sh/@supabase/phoenix@0.4.0/denonext/phoenix.mjs": "d9187057b2e3276d1110b9d814f737d4f8eff7f8b2765c4aa6bf7c7c30d070c9",
    "https://esm.sh/@supabase/phoenix@0.4.0?target=denonext": "c1df3cfcdcf13e9cfddf86181efbdd8d4099b9a2682188b74106596277a69d16",
    "https://esm.sh/@supabase/postgrest-js@2.104.0/denonext/postgrest-js.mjs": "ac45540fddc650c414affa88a3f11fa7ec5485a3e4b755e6eb34680c74931504",
    "https://esm.sh/@supabase/realtime-js@2.104.0/denonext/realtime-js.mjs": "10c5933231934056f9332d230c2e06eb71d051054e500f0b22ebbb6fb7982793",
    "https://esm.sh/@supabase/storage-js@2.104.0/denonext/storage-js.mjs": "7fc224d9704bfa5b030d8c6dbb9b153cdcdfec09a9d2e68ef3badace569debbf",
    "https://esm.sh/@supabase/supabase-js@2.104.0": "67037e235b6fbec8e8eed1ca97714a9379c8cc60af4e8747dfe6cf4c43f661bb",
    "https://esm.sh/@supabase/supabase-js@2.104.0/denonext/supabase-js.mjs": "2cf79c9faa8bef0c7718a0e02c6dee4c70a4f7e7c74d084132f6a8fa8b65b157",
    "https://esm.sh/iceberg-js@0.8.1/denonext/iceberg-js.mjs": "d839d81a2e3966500ca2cdd0c1cb458e9608bacfc91f7bb67a69b2e878dcdb4f",
    "https://esm.sh/iceberg-js@0.8.1?target=denonext": "58c849d7fe2bf4eca4a84eb501e83c161a7d8c34ca1bec15a962b3bec3062633",
    "https://esm.sh/tslib@2.8.1/denonext/tslib.mjs": "c38da5dd6da6281964435002ce204cd586634fe3bdfb24a0ee116f48cf3292e9"
  }
}
